// !$*UTF8*$!
{
	archiveVersion = 1;
	classes = {
	};
	objectVersion = 46;
	objects = {

/* Begin PBXBuildFile section */
		2E3F78711EB9ED10005A1F95 /* AppDelegate.swift in Sources */ = {isa = PBXBuildFile; fileRef = 2E3F78701EB9ED10005A1F95 /* AppDelegate.swift */; };
		2E3F78731EB9ED10005A1F95 /* ViewController.swift in Sources */ = {isa = PBXBuildFile; fileRef = 2E3F78721EB9ED10005A1F95 /* ViewController.swift */; };
		2E3F78751EB9ED10005A1F95 /* Assets.xcassets in Resources */ = {isa = PBXBuildFile; fileRef = 2E3F78741EB9ED10005A1F95 /* Assets.xcassets */; };
		2E3F78781EB9ED10005A1F95 /* Main.storyboard in Resources */ = {isa = PBXBuildFile; fileRef = 2E3F78761EB9ED10005A1F95 /* Main.storyboard */; };
		2E3F78831EB9ED10005A1F95 /* notifierTests.swift in Sources */ = {isa = PBXBuildFile; fileRef = 2E3F78821EB9ED10005A1F95 /* notifierTests.swift */; };
/* End PBXBuildFile section */

/* Begin PBXContainerItemProxy section */
		2E3F787F1EB9ED10005A1F95 /* PBXContainerItemProxy */ = {
			isa = PBXContainerItemProxy;
			containerPortal = 2E3F78651EB9ED0F005A1F95 /* Project object */;
			proxyType = 1;
			remoteGlobalIDString = 2E3F786C1EB9ED10005A1F95;
			remoteInfo = notifier;
		};
/* End PBXContainerItemProxy section */

/* Begin PBXFileReference section */
		2E3F786D1EB9ED10005A1F95 /* notifier.app */ = {isa = PBXFileReference; explicitFileType = wrapper.application; includeInIndex = 0; path = notifier.app; sourceTree = BUILT_PRODUCTS_DIR; };
		2E3F78701EB9ED10005A1F95 /* AppDelegate.swift */ = {isa = PBXFileReference; lastKnownFileType = sourcecode.swift; path = AppDelegate.swift; sourceTree = "<group>"; };
		2E3F78721EB9ED10005A1F95 /* ViewController.swift */ = {isa = PBXFileReference; lastKnownFileType = sourcecode.swift; path = ViewController.swift; sourceTree = "<group>"; };
		2E3F78741EB9ED10005A1F95 /* Assets.xcassets */ = {isa = PBXFileReference; lastKnownFileType = folder.assetcatalog; path = Assets.xcassets; sourceTree = "<group>"; };
		2E3F78771EB9ED10005A1F95 /* Base */ = {isa = PBXFileReference; lastKnownFileType = file.storyboard; name = Base; path = Base.lproj/Main.storyboard; sourceTree = "<group>"; };
		2E3F78791EB9ED10005A1F95 /* Info.plist */ = {isa = PBXFileReference; lastKnownFileType = text.plist.xml; path = Info.plist; sourceTree = "<group>"; };
		2E3F787E1EB9ED10005A1F95 /* notifierTests.xctest */ = {isa = PBXFileReference; explicitFileType = wrapper.cfbundle; includeInIndex = 0; path = notifierTests.xctest; sourceTree = BUILT_PRODUCTS_DIR; };
		2E3F78821EB9ED10005A1F95 /* notifierTests.swift */ = {isa = PBXFileReference; lastKnownFileType = sourcecode.swift; path = notifierTests.swift; sourceTree = "<group>"; };
		2E3F78841EB9ED10005A1F95 /* Info.plist */ = {isa = PBXFileReference; lastKnownFileType = text.plist.xml; path = Info.plist; sourceTree = "<group>"; };
/* End PBXFileReference section */

/* Begin PBXFrameworksBuildPhase section */
		2E3F786A1EB9ED10005A1F95 /* Frameworks */ = {
			isa = PBXFrameworksBuildPhase;
			buildActionMask = 2147483647;
			files = (
			);
			runOnlyForDeploymentPostprocessing = 0;
		};
		2E3F787B1EB9ED10005A1F95 /* Frameworks */ = {
			isa = PBXFrameworksBuildPhase;
			buildActionMask = 2147483647;
			files = (
			);
			runOnlyForDeploymentPostprocessing = 0;
		};
/* End PBXFrameworksBuildPhase section */

/* Begin PBXGroup section */
		2E3F78641EB9ED0F005A1F95 = {
			isa = PBXGroup;
			children = (
				2E3F786F1EB9ED10005A1F95 /* notifier */,
				2E3F78811EB9ED10005A1F95 /* notifierTests */,
				2E3F786E1EB9ED10005A1F95 /* Products */,
			);
			sourceTree = "<group>";
		};
		2E3F786E1EB9ED10005A1F95 /* Products */ = {
			isa = PBXGroup;
			children = (
				2E3F786D1EB9ED10005A1F95 /* notifier.app */,
				2E3F787E1EB9ED10005A1F95 /* notifierTests.xctest */,
			);
			name = Products;
			sourceTree = "<group>";
		};
		2E3F786F1EB9ED10005A1F95 /* notifier */ = {
			isa = PBXGroup;
			children = (
				2E3F78701EB9ED10005A1F95 /* AppDelegate.swift */,
				2E3F78721EB9ED10005A1F95 /* ViewController.swift */,
				2E3F78741EB9ED10005A1F95 /* Assets.xcassets */,
				2E3F78761EB9ED10005A1F95 /* Main.storyboard */,
				2E3F78791EB9ED10005A1F95 /* Info.plist */,
			);
			path = notifier;
			sourceTree = "<group>";
		};
		2E3F78811EB9ED10005A1F95 /* notifierTests */ = {
			isa = PBXGroup;
			children = (
				2E3F78821EB9ED10005A1F95 /* notifierTests.swift */,
				2E3F78841EB9ED10005A1F95 /* Info.plist */,
			);
			path = notifierTests;
			sourceTree = "<group>";
		};
/* End PBXGroup section */

/* Begin PBXNativeTarget section */
		2E3F786C1EB9ED10005A1F95 /* notifier */ = {
			isa = PBXNativeTarget;
			buildConfigurationList = 2E3F78871EB9ED10005A1F95 /* Build configuration list for PBXNativeTarget "notifier" */;
			buildPhases = (
				2E3F78691EB9ED10005A1F95 /* Sources */,
				2E3F786A1EB9ED10005A1F95 /* Frameworks */,
				2E3F786B1EB9ED10005A1F95 /* Resources */,
			);
			buildRules = (
			);
			dependencies = (
			);
			name = notifier;
			productName = notifier;
			productReference = 2E3F786D1EB9ED10005A1F95 /* notifier.app */;
			productType = "com.apple.product-type.application";
		};
		2E3F787D1EB9ED10005A1F95 /* notifierTests */ = {
			isa = PBXNativeTarget;
			buildConfigurationList = 2E3F788A1EB9ED10005A1F95 /* Build configuration list for PBXNativeTarget "notifierTests" */;
			buildPhases = (
				2E3F787A1EB9ED10005A1F95 /* Sources */,
				2E3F787B1EB9ED10005A1F95 /* Frameworks */,
				2E3F787C1EB9ED10005A1F95 /* Resources */,
			);
			buildRules = (
			);
			dependencies = (
				2E3F78801EB9ED10005A1F95 /* PBXTargetDependency */,
			);
			name = notifierTests;
			productName = notifierTests;
			productReference = 2E3F787E1EB9ED10005A1F95 /* notifierTests.xctest */;
			productType = "com.apple.product-type.bundle.unit-test";
		};
/* End PBXNativeTarget section */

/* Begin PBXProject section */
		2E3F78651EB9ED0F005A1F95 /* Project object */ = {
			isa = PBXProject;
			attributes = {
				LastSwiftUpdateCheck = 0830;
				LastUpgradeCheck = 0830;
				ORGANIZATIONNAME = rudt;
				TargetAttributes = {
					2E3F786C1EB9ED10005A1F95 = {
						CreatedOnToolsVersion = 8.3.2;
						ProvisioningStyle = Automatic;
					};
					2E3F787D1EB9ED10005A1F95 = {
						CreatedOnToolsVersion = 8.3.2;
						ProvisioningStyle = Automatic;
						TestTargetID = 2E3F786C1EB9ED10005A1F95;
					};
				};
			};
			buildConfigurationList = 2E3F78681EB9ED0F005A1F95 /* Build configuration list for PBXProject "notifier" */;
			compatibilityVersion = "Xcode 3.2";
			developmentRegion = English;
			hasScannedForEncodings = 0;
			knownRegions = (
				en,
				Base,
			);
			mainGroup = 2E3F78641EB9ED0F005A1F95;
			productRefGroup = 2E3F786E1EB9ED10005A1F95 /* Products */;
			projectDirPath = "";
			projectRoot = "";
			targets = (
				2E3F786C1EB9ED10005A1F95 /* notifier */,
				2E3F787D1EB9ED10005A1F95 /* notifierTests */,
			);
		};
/* End PBXProject section */

/* Begin PBXResourcesBuildPhase section */
		2E3F786B1EB9ED10005A1F95 /* Resources */ = {
			isa = PBXResourcesBuildPhase;
			buildActionMask = 2147483647;
			files = (
				2E3F78751EB9ED10005A1F95 /* Assets.xcassets in Resources */,
				2E3F78781EB9ED10005A1F95 /* Main.storyboard in Resources */,
			);
			runOnlyForDeploymentPostprocessing = 0;
		};
		2E3F787C1EB9ED10005A1F95 /* Resources */ = {
			isa = PBXResourcesBuildPhase;
			buildActionMask = 2147483647;
			files = (
			);
			runOnlyForDeploymentPostprocessing = 0;
		};
/* End PBXResourcesBuildPhase section */

/* Begin PBXSourcesBuildPhase section */
		2E3F78691EB9ED10005A1F95 /* Sources */ = {
			isa = PBXSourcesBuildPhase;
			buildActionMask = 2147483647;
			files = (
				2E3F78731EB9ED10005A1F95 /* ViewController.swift in Sources */,
				2E3F78711EB9ED10005A1F95 /* AppDelegate.swift in Sources */,
			);
			runOnlyForDeploymentPostprocessing = 0;
		};
		2E3F787A1EB9ED10005A1F95 /* Sources */ = {
			isa = PBXSourcesBuildPhase;
			buildActionMask = 2147483647;
			files = (
				2E3F78831EB9ED10005A1F95 /* notifierTests.swift in Sources */,
			);
			runOnlyForDeploymentPostprocessing = 0;
		};
/* End PBXSourcesBuildPhase section */

/* Begin PBXTargetDependency section */
		2E3F78801EB9ED10005A1F95 /* PBXTargetDependency */ = {
			isa = PBXTargetDependency;
			target = 2E3F786C1EB9ED10005A1F95 /* notifier */;
			targetProxy = 2E3F787F1EB9ED10005A1F95 /* PBXContainerItemProxy */;
		};
/* End PBXTargetDependency section */

/* Begin PBXVariantGroup section */
		2E3F78761EB9ED10005A1F95 /* Main.storyboard */ = {
			isa = PBXVariantGroup;
			children = (
				2E3F78771EB9ED10005A1F95 /* Base */,
			);
			name = Main.storyboard;
			sourceTree = "<group>";
		};
/* End PBXVariantGroup section */

/* Begin XCBuildConfiguration section */
		2E3F78851EB9ED10005A1F95 /* Debug */ = {
			isa = XCBuildConfiguration;
			buildSettings = {
				ALWAYS_SEARCH_USER_PATHS = NO;
				CLANG_ANALYZER_NONNULL = YES;
				CLANG_ANALYZER_NUMBER_OBJECT_CONVERSION = YES_AGGRESSIVE;
				CLANG_CXX_LANGUAGE_STANDARD = "gnu++0x";
				CLANG_CXX_LIBRARY = "libc++";
				CLANG_ENABLE_MODULES = YES;
				CLANG_ENABLE_OBJC_ARC = YES;
				CLANG_WARN_BOOL_CONVERSION = YES;
				CLANG_WARN_CONSTANT_CONVERSION = YES;
				CLANG_WARN_DIRECT_OBJC_ISA_USAGE = YES_ERROR;
				CLANG_WARN_DOCUMENTATION_COMMENTS = YES;
				CLANG_WARN_EMPTY_BODY = YES;
				CLANG_WARN_ENUM_CONVERSION = YES;
				CLANG_WARN_INFINITE_RECURSION = YES;
				CLANG_WARN_INT_CONVERSION = YES;
				CLANG_WARN_OBJC_ROOT_CLASS = YES_ERROR;
				CLANG_WARN_SUSPICIOUS_MOVE = YES;
				CLANG_WARN_UNREACHABLE_CODE = YES;
				CLANG_WARN__DUPLICATE_METHOD_MATCH = YES;
				CODE_SIGN_IDENTITY = "-";
				COPY_PHASE_STRIP = NO;
				DEBUG_INFORMATION_FORMAT = dwarf;
				ENABLE_STRICT_OBJC_MSGSEND = YES;
				ENABLE_TESTABILITY = YES;
				GCC_C_LANGUAGE_STANDARD = gnu99;
				GCC_DYNAMIC_NO_PIC = NO;
				GCC_NO_COMMON_BLOCKS = YES;
				GCC_OPTIMIZATION_LEVEL = 0;
				GCC_PREPROCESSOR_DEFINITIONS = (
					"DEBUG=1",
					"$(inherited)",
				);
				GCC_WARN_64_TO_32_BIT_CONVERSION = YES;
				GCC_WARN_ABOUT_RETURN_TYPE = YES_ERROR;
				GCC_WARN_UNDECLARED_SELECTOR = YES;
				GCC_WARN_UNINITIALIZED_AUTOS = YES_AGGRESSIVE;
				GCC_WARN_UNUSED_FUNCTION = YES;
				GCC_WARN_UNUSED_VARIABLE = YES;
				MACOSX_DEPLOYMENT_TARGET = 10.12;
				MTL_ENABLE_DEBUG_INFO = YES;
				ONLY_ACTIVE_ARCH = YES;
				SDKROOT = macosx;
				SWIFT_ACTIVE_COMPILATION_CONDITIONS = DEBUG;
				SWIFT_OPTIMIZATION_LEVEL = "-Onone";
			};
			name = Debug;
		};
		2E3F78861EB9ED10005A1F95 /* Release */ = {
			isa = XCBuildConfiguration;
			buildSettings = {
				ALWAYS_SEARCH_USER_PATHS = NO;
				CLANG_ANALYZER_NONNULL = YES;
				CLANG_ANALYZER_NUMBER_OBJECT_CONVERSION = YES_AGGRESSIVE;
				CLANG_CXX_LANGUAGE_STANDARD = "gnu++0x";
				CLANG_CXX_LIBRARY = "libc++";
				CLANG_ENABLE_MODULES = YES;
				CLANG_ENABLE_OBJC_ARC = YES;
				CLANG_WARN_BOOL_CONVERSION = YES;
				CLANG_WARN_CONSTANT_CONVERSION = YES;
				CLANG_WARN_DIRECT_OBJC_ISA_USAGE = YES_ERROR;
				CLANG_WARN_DOCUMENTATION_COMMENTS = YES;
				CLANG_WARN_EMPTY_BODY = YES;
				CLANG_WARN_ENUM_CONVERSION = YES;
				CLANG_WARN_INFINITE_RECURSION = YES;
				CLANG_WARN_INT_CONVERSION = YES;
				CLANG_WARN_OBJC_ROOT_CLASS = YES_ERROR;
				CLANG_WARN_SUSPICIOUS_MOVE = YES;
				CLANG_WARN_UNREACHABLE_CODE = YES;
				CLANG_WARN__DUPLICATE_METHOD_MATCH = YES;
				CODE_SIGN_IDENTITY = "-";
				COPY_PHASE_STRIP = NO;
				DEBUG_INFORMATION_FORMAT = "dwarf-with-dsym";
				ENABLE_NS_ASSERTIONS = NO;
				ENABLE_STRICT_OBJC_MSGSEND = YES;
				GCC_C_LANGUAGE_STANDARD = gnu99;
				GCC_NO_COMMON_BLOCKS = YES;
				GCC_WARN_64_TO_32_BIT_CONVERSION = YES;
				GCC_WARN_ABOUT_RETURN_TYPE = YES_ERROR;
				GCC_WARN_UNDECLARED_SELECTOR = YES;
				GCC_WARN_UNINITIALIZED_AUTOS = YES_AGGRESSIVE;
				GCC_WARN_UNUSED_FUNCTION = YES;
				GCC_WARN_UNUSED_VARIABLE = YES;
				MACOSX_DEPLOYMENT_TARGET = 10.12;
				MTL_ENABLE_DEBUG_INFO = NO;
				SDKROOT = macosx;
				SWIFT_OPTIMIZATION_LEVEL = "-Owholemodule";
			};
			name = Release;
		};
		2E3F78881EB9ED10005A1F95 /* Debug */ = {
			isa = XCBuildConfiguration;
			buildSettings = {
				ASSETCATALOG_COMPILER_APPICON_NAME = AppIcon;
				COMBINE_HIDPI_IMAGES = YES;
				INFOPLIST_FILE = notifier/Info.plist;
				LD_RUNPATH_SEARCH_PATHS = "$(inherited) @executable_path/../Frameworks";
				PRODUCT_BUNDLE_IDENTIFIER = rudt.notifier;
				PRODUCT_NAME = "$(TARGET_NAME)";
				SWIFT_VERSION = 3.0;
			};
			name = Debug;
		};
		2E3F78891EB9ED10005A1F95 /* Release */ = {
			isa = XCBuildConfiguration;
			buildSettings = {
				ASSETCATALOG_COMPILER_APPICON_NAME = AppIcon;
				COMBINE_HIDPI_IMAGES = YES;
				INFOPLIST_FILE = notifier/Info.plist;
				LD_RUNPATH_SEARCH_PATHS = "$(inherited) @executable_path/../Frameworks";
				PRODUCT_BUNDLE_IDENTIFIER = rudt.notifier;
				PRODUCT_NAME = "$(TARGET_NAME)";
				SWIFT_VERSION = 3.0;
			};
			name = Release;
		};
		2E3F788B1EB9ED10005A1F95 /* Debug */ = {
			isa = XCBuildConfiguration;
			buildSettings = {
				ALWAYS_EMBED_SWIFT_STANDARD_LIBRARIES = YES;
				BUNDLE_LOADER = "$(TEST_HOST)";
				COMBINE_HIDPI_IMAGES = YES;
				INFOPLIST_FILE = notifierTests/Info.plist;
				LD_RUNPATH_SEARCH_PATHS = "$(inherited) @executable_path/../Frameworks @loader_path/../Frameworks";
				PRODUCT_BUNDLE_IDENTIFIER = rudt.notifierTests;
				PRODUCT_NAME = "$(TARGET_NAME)";
				SWIFT_VERSION = 3.0;
				TEST_HOST = "$(BUILT_PRODUCTS_DIR)/notifier.app/Contents/MacOS/notifier";
			};
			name = Debug;
		};
		2E3F788C1EB9ED10005A1F95 /* Release */ = {
			isa = XCBuildConfiguration;
			buildSettings = {
				ALWAYS_EMBED_SWIFT_STANDARD_LIBRARIES = YES;
				BUNDLE_LOADER = "$(TEST_HOST)";
				COMBINE_HIDPI_IMAGES = YES;
				INFOPLIST_FILE = notifierTests/Info.plist;
				LD_RUNPATH_SEARCH_PATHS = "$(inherited) @executable_path/../Frameworks @loader_path/../Frameworks";
				PRODUCT_BUNDLE_IDENTIFIER = rudt.notifierTests;
				PRODUCT_NAME = "$(TARGET_NAME)";
				SWIFT_VERSION = 3.0;
				TEST_HOST = "$(BUILT_PRODUCTS_DIR)/notifier.app/Contents/MacOS/notifier";
			};
			name = Release;
		};
/* End XCBuildConfiguration section */

/* Begin XCConfigurationList section */
		2E3F78681EB9ED0F005A1F95 /* Build configuration list for PBXProject "notifier" */ = {
			isa = XCConfigurationList;
			buildConfigurations = (
				2E3F78851EB9ED10005A1F95 /* Debug */,
				2E3F78861EB9ED10005A1F95 /* Release */,
			);
			defaultConfigurationIsVisible = 0;
			defaultConfigurationName = Release;
		};
		2E3F78871EB9ED10005A1F95 /* Build configuration list for PBXNativeTarget "notifier" */ = {
			isa = XCConfigurationList;
			buildConfigurations = (
				2E3F78881EB9ED10005A1F95 /* Debug */,
				2E3F78891EB9ED10005A1F95 /* Release */,
			);
			defaultConfigurationIsVisible = 0;
		};
		2E3F788A1EB9ED10005A1F95 /* Build configuration list for PBXNativeTarget "notifierTests" */ = {
			isa = XCConfigurationList;
			buildConfigurations = (
				2E3F788B1EB9ED10005A1F95 /* Debug */,
				2E3F788C1EB9ED10005A1F95 /* Release */,
			);
			defaultConfigurationIsVisible = 0;
		};
/* End XCConfigurationList section */
	};
	rootObject = 2E3F78651EB9ED0F005A1F95 /* Project object */;
}
